// !$*UTF8*$!
{
	archiveVersion = 1;
	classes = {
	};
	objectVersion = 46;
	objects = {

/* Begin PBXBuildFile section */
		EF22DA611D1CF4DA00E8E731 /* AppDelegate.swift in Sources */ = {isa = PBXBuildFile; fileRef = EF22DA601D1CF4DA00E8E731 /* AppDelegate.swift */; };
		EF22DA631D1CF4DA00E8E731 /* ViewController.swift in Sources */ = {isa = PBXBuildFile; fileRef = EF22DA621D1CF4DA00E8E731 /* ViewController.swift */; };
		EF22DA661D1CF4DA00E8E731 /* Main.storyboard in Resources */ = {isa = PBXBuildFile; fileRef = EF22DA641D1CF4DA00E8E731 /* Main.storyboard */; };
		EF22DA681D1CF4DA00E8E731 /* Assets.xcassets in Resources */ = {isa = PBXBuildFile; fileRef = EF22DA671D1CF4DA00E8E731 /* Assets.xcassets */; };
		EF22DA6B1D1CF4DA00E8E731 /* LaunchScreen.storyboard in Resources */ = {isa = PBXBuildFile; fileRef = EF22DA691D1CF4DA00E8E731 /* LaunchScreen.storyboard */; };
		EF22DA731D1CF59B00E8E731 /* Alamofire.framework in Frameworks */ = {isa = PBXBuildFile; fileRef = EF22DA721D1CF59B00E8E731 /* Alamofire.framework */; };
/* End PBXBuildFile section */

/* Begin PBXContainerItemProxy section */
		EF6787D81D1CF63F00547E00 /* PBXContainerItemProxy */ = {
			isa = PBXContainerItemProxy;
			containerPortal = EF6787CE1D1CF63F00547E00 /* Alamofire.xcodeproj */;
			proxyType = 2;
			remoteGlobalIDString = F8111E3319A95C8B0040E7D1;
			remoteInfo = "Alamofire iOS";
		};
		EF6787DA1D1CF63F00547E00 /* PBXContainerItemProxy */ = {
			isa = PBXContainerItemProxy;
			containerPortal = EF6787CE1D1CF63F00547E00 /* Alamofire.xcodeproj */;
			proxyType = 2;
			remoteGlobalIDString = F8111E3E19A95C8B0040E7D1;
			remoteInfo = "Alamofire iOS Tests";
		};
		EF6787DC1D1CF63F00547E00 /* PBXContainerItemProxy */ = {
			isa = PBXContainerItemProxy;
			containerPortal = EF6787CE1D1CF63F00547E00 /* Alamofire.xcodeproj */;
			proxyType = 2;
			remoteGlobalIDString = 4DD67C0B1A5C55C900ED2280;
			remoteInfo = "Alamofire OSX";
		};
		EF6787DE1D1CF63F00547E00 /* PBXContainerItemProxy */ = {
			isa = PBXContainerItemProxy;
			containerPortal = EF6787CE1D1CF63F00547E00 /* Alamofire.xcodeproj */;
			proxyType = 2;
			remoteGlobalIDString = F829C6B21A7A94F100A2CD59;
			remoteInfo = "Alamofire OSX Tests";
		};
		EF6787E01D1CF63F00547E00 /* PBXContainerItemProxy */ = {
			isa = PBXContainerItemProxy;
			containerPortal = EF6787CE1D1CF63F00547E00 /* Alamofire.xcodeproj */;
			proxyType = 2;
			remoteGlobalIDString = 4CF626EF1BA7CB3E0011A099;
			remoteInfo = "Alamofire tvOS";
		};
		EF6787E21D1CF63F00547E00 /* PBXContainerItemProxy */ = {
			isa = PBXContainerItemProxy;
			containerPortal = EF6787CE1D1CF63F00547E00 /* Alamofire.xcodeproj */;
			proxyType = 2;
			remoteGlobalIDString = 4CF626F81BA7CB3E0011A099;
			remoteInfo = "Alamofire tvOS Tests";
		};
		EF6787E41D1CF63F00547E00 /* PBXContainerItemProxy */ = {
			isa = PBXContainerItemProxy;
			containerPortal = EF6787CE1D1CF63F00547E00 /* Alamofire.xcodeproj */;
			proxyType = 2;
			remoteGlobalIDString = E4202FE01B667AA100C997FB;
			remoteInfo = "Alamofire watchOS";
		};
/* End PBXContainerItemProxy section */

/* Begin PBXFileReference section */
		EF22DA5D1D1CF4DA00E8E731 /* AlamoFireTesting.app */ = {isa = PBXFileReference; explicitFileType = wrapper.application; includeInIndex = 0; path = AlamoFireTesting.app; sourceTree = BUILT_PRODUCTS_DIR; };
		EF22DA601D1CF4DA00E8E731 /* AppDelegate.swift */ = {isa = PBXFileReference; lastKnownFileType = sourcecode.swift; path = AppDelegate.swift; sourceTree = "<group>"; };
		EF22DA621D1CF4DA00E8E731 /* ViewController.swift */ = {isa = PBXFileReference; lastKnownFileType = sourcecode.swift; path = ViewController.swift; sourceTree = "<group>"; };
		EF22DA651D1CF4DA00E8E731 /* Base */ = {isa = PBXFileReference; lastKnownFileType = file.storyboard; name = Base; path = Base.lproj/Main.storyboard; sourceTree = "<group>"; };
		EF22DA671D1CF4DA00E8E731 /* Assets.xcassets */ = {isa = PBXFileReference; lastKnownFileType = folder.assetcatalog; path = Assets.xcassets; sourceTree = "<group>"; };
		EF22DA6A1D1CF4DA00E8E731 /* Base */ = {isa = PBXFileReference; lastKnownFileType = file.storyboard; name = Base; path = Base.lproj/LaunchScreen.storyboard; sourceTree = "<group>"; };
		EF22DA6C1D1CF4DA00E8E731 /* Info.plist */ = {isa = PBXFileReference; lastKnownFileType = text.plist.xml; path = Info.plist; sourceTree = "<group>"; };
		EF22DA721D1CF59B00E8E731 /* Alamofire.framework */ = {isa = PBXFileReference; lastKnownFileType = wrapper.framework; name = Alamofire.framework; path = Carthage/Build/iOS/Alamofire.framework; sourceTree = "<group>"; };
		EF22DA741D1CF5BA00E8E731 /* MyPlayground.playground */ = {isa = PBXFileReference; lastKnownFileType = file.playground; path = MyPlayground.playground; sourceTree = "<group>"; };
		EF6787CE1D1CF63F00547E00 /* Alamofire.xcodeproj */ = {isa = PBXFileReference; lastKnownFileType = "wrapper.pb-project"; name = Alamofire.xcodeproj; path = Carthage/Checkouts/Alamofire/Alamofire.xcodeproj; sourceTree = SOURCE_ROOT; };
/* End PBXFileReference section */

/* Begin PBXFrameworksBuildPhase section */
		EF22DA5A1D1CF4DA00E8E731 /* Frameworks */ = {
			isa = PBXFrameworksBuildPhase;
			buildActionMask = 2147483647;
			files = (
				EF22DA731D1CF59B00E8E731 /* Alamofire.framework in Frameworks */,
			);
			runOnlyForDeploymentPostprocessing = 0;
		};
/* End PBXFrameworksBuildPhase section */

/* Begin PBXGroup section */
		EF22DA541D1CF4DA00E8E731 = {
			isa = PBXGroup;
			children = (
				EF22DA721D1CF59B00E8E731 /* Alamofire.framework */,
				EF22DA5F1D1CF4DA00E8E731 /* AlamoFireTesting */,
				EF22DA5E1D1CF4DA00E8E731 /* Products */,
			);
			sourceTree = "<group>";
		};
		EF22DA5E1D1CF4DA00E8E731 /* Products */ = {
			isa = PBXGroup;
			children = (
				EF22DA5D1D1CF4DA00E8E731 /* AlamoFireTesting.app */,
			);
			name = Products;
			sourceTree = "<group>";
		};
		EF22DA5F1D1CF4DA00E8E731 /* AlamoFireTesting */ = {
			isa = PBXGroup;
			children = (
				EF6787CE1D1CF63F00547E00 /* Alamofire.xcodeproj */,
				EF22DA601D1CF4DA00E8E731 /* AppDelegate.swift */,
				EF22DA621D1CF4DA00E8E731 /* ViewController.swift */,
				EF22DA641D1CF4DA00E8E731 /* Main.storyboard */,
				EF22DA671D1CF4DA00E8E731 /* Assets.xcassets */,
				EF22DA691D1CF4DA00E8E731 /* LaunchScreen.storyboard */,
				EF22DA6C1D1CF4DA00E8E731 /* Info.plist */,
				EF22DA741D1CF5BA00E8E731 /* MyPlayground.playground */,
			);
			path = AlamoFireTesting;
			sourceTree = "<group>";
		};
		EF6787CF1D1CF63F00547E00 /* Products */ = {
			isa = PBXGroup;
			children = (
				EF6787D91D1CF63F00547E00 /* Alamofire.framework */,
				EF6787DB1D1CF63F00547E00 /* Alamofire iOS Tests.xctest */,
				EF6787DD1D1CF63F00547E00 /* Alamofire.framework */,
				EF6787DF1D1CF63F00547E00 /* Alamofire OSX Tests.xctest */,
				EF6787E11D1CF63F00547E00 /* Alamofire.framework */,
				EF6787E31D1CF63F00547E00 /* Alamofire tvOS Tests.xctest */,
				EF6787E51D1CF63F00547E00 /* Alamofire.framework */,
			);
			name = Products;
			sourceTree = "<group>";
		};
/* End PBXGroup section */

/* Begin PBXNativeTarget section */
		EF22DA5C1D1CF4DA00E8E731 /* AlamoFireTesting */ = {
			isa = PBXNativeTarget;
			buildConfigurationList = EF22DA6F1D1CF4DA00E8E731 /* Build configuration list for PBXNativeTarget "AlamoFireTesting" */;
			buildPhases = (
				EF22DA591D1CF4DA00E8E731 /* Sources */,
				EF22DA5A1D1CF4DA00E8E731 /* Frameworks */,
				EF22DA5B1D1CF4DA00E8E731 /* Resources */,
			);
			buildRules = (
			);
			dependencies = (
			);
			name = AlamoFireTesting;
			productName = AlamoFireTesting;
			productReference = EF22DA5D1D1CF4DA00E8E731 /* AlamoFireTesting.app */;
			productType = "com.apple.product-type.application";
		};
/* End PBXNativeTarget section */

/* Begin PBXProject section */
		EF22DA551D1CF4DA00E8E731 /* Project object */ = {
			isa = PBXProject;
			attributes = {
				LastSwiftUpdateCheck = 0730;
				LastUpgradeCheck = 0730;
				ORGANIZATIONNAME = "Angus Johnston";
				TargetAttributes = {
					EF22DA5C1D1CF4DA00E8E731 = {
						CreatedOnToolsVersion = 7.3.1;
					};
				};
			};
			buildConfigurationList = EF22DA581D1CF4DA00E8E731 /* Build configuration list for PBXProject "AlamoFireTesting" */;
			compatibilityVersion = "Xcode 3.2";
			developmentRegion = English;
			hasScannedForEncodings = 0;
			knownRegions = (
				en,
				Base,
			);
			mainGroup = EF22DA541D1CF4DA00E8E731;
			productRefGroup = EF22DA5E1D1CF4DA00E8E731 /* Products */;
			projectDirPath = "";
			projectReferences = (
				{
					ProductGroup = EF6787CF1D1CF63F00547E00 /* Products */;
					ProjectRef = EF6787CE1D1CF63F00547E00 /* Alamofire.xcodeproj */;
				},
			);
			projectRoot = "";
			targets = (
				EF22DA5C1D1CF4DA00E8E731 /* AlamoFireTesting */,
			);
		};
/* End PBXProject section */

/* Begin PBXReferenceProxy section */
		EF6787D91D1CF63F00547E00 /* Alamofire.framework */ = {
			isa = PBXReferenceProxy;
			fileType = wrapper.framework;
			path = Alamofire.framework;
			remoteRef = EF6787D81D1CF63F00547E00 /* PBXContainerItemProxy */;
			sourceTree = BUILT_PRODUCTS_DIR;
		};
		EF6787DB1D1CF63F00547E00 /* Alamofire iOS Tests.xctest */ = {
			isa = PBXReferenceProxy;
			fileType = wrapper.cfbundle;
			path = "Alamofire iOS Tests.xctest";
			remoteRef = EF6787DA1D1CF63F00547E00 /* PBXContainerItemProxy */;
			sourceTree = BUILT_PRODUCTS_DIR;
		};
		EF6787DD1D1CF63F00547E00 /* Alamofire.framework */ = {
			isa = PBXReferenceProxy;
			fileType = wrapper.framework;
			path = Alamofire.framework;
			remoteRef = EF6787DC1D1CF63F00547E00 /* PBXContainerItemProxy */;
			sourceTree = BUILT_PRODUCTS_DIR;
		};
		EF6787DF1D1CF63F00547E00 /* Alamofire OSX Tests.xctest */ = {
			isa = PBXReferenceProxy;
			fileType = wrapper.cfbundle;
			path = "Alamofire OSX Tests.xctest";
			remoteRef = EF6787DE1D1CF63F00547E00 /* PBXContainerItemProxy */;
			sourceTree = BUILT_PRODUCTS_DIR;
		};
		EF6787E11D1CF63F00547E00 /* Alamofire.framework */ = {
			isa = PBXReferenceProxy;
			fileType = wrapper.framework;
			path = Alamofire.framework;
			remoteRef = EF6787E01D1CF63F00547E00 /* PBXContainerItemProxy */;
			sourceTree = BUILT_PRODUCTS_DIR;
		};
		EF6787E31D1CF63F00547E00 /* Alamofire tvOS Tests.xctest */ = {
			isa = PBXReferenceProxy;
			fileType = wrapper.cfbundle;
			path = "Alamofire tvOS Tests.xctest";
			remoteRef = EF6787E21D1CF63F00547E00 /* PBXContainerItemProxy */;
			sourceTree = BUILT_PRODUCTS_DIR;
		};
		EF6787E51D1CF63F00547E00 /* Alamofire.framework */ = {
			isa = PBXReferenceProxy;
			fileType = wrapper.framework;
			path = Alamofire.framework;
			remoteRef = EF6787E41D1CF63F00547E00 /* PBXContainerItemProxy */;
			sourceTree = BUILT_PRODUCTS_DIR;
		};
/* End PBXReferenceProxy section */

/* Begin PBXResourcesBuildPhase section */
		EF22DA5B1D1CF4DA00E8E731 /* Resources */ = {
			isa = PBXResourcesBuildPhase;
			buildActionMask = 2147483647;
			files = (
				EF22DA6B1D1CF4DA00E8E731 /* LaunchScreen.storyboard in Resources */,
				EF22DA681D1CF4DA00E8E731 /* Assets.xcassets in Resources */,
				EF22DA661D1CF4DA00E8E731 /* Main.storyboard in Resources */,
			);
			runOnlyForDeploymentPostprocessing = 0;
		};
/* End PBXResourcesBuildPhase section */

/* Begin PBXSourcesBuildPhase section */
		EF22DA591D1CF4DA00E8E731 /* Sources */ = {
			isa = PBXSourcesBuildPhase;
			buildActionMask = 2147483647;
			files = (
				EF22DA631D1CF4DA00E8E731 /* ViewController.swift in Sources */,
				EF22DA611D1CF4DA00E8E731 /* AppDelegate.swift in Sources */,
			);
			runOnlyForDeploymentPostprocessing = 0;
		};
/* End PBXSourcesBuildPhase section */

/* Begin PBXVariantGroup section */
		EF22DA641D1CF4DA00E8E731 /* Main.storyboard */ = {
			isa = PBXVariantGroup;
			children = (
				EF22DA651D1CF4DA00E8E731 /* Base */,
			);
			name = Main.storyboard;
			sourceTree = "<group>";
		};
		EF22DA691D1CF4DA00E8E731 /* LaunchScreen.storyboard */ = {
			isa = PBXVariantGroup;
			children = (
				EF22DA6A1D1CF4DA00E8E731 /* Base */,
			);
			name = LaunchScreen.storyboard;
			sourceTree = "<group>";
		};
/* End PBXVariantGroup section */

/* Begin XCBuildConfiguration section */
		EF22DA6D1D1CF4DA00E8E731 /* Debug */ = {
			isa = XCBuildConfiguration;
			buildSettings = {
				ALWAYS_SEARCH_USER_PATHS = NO;
				CLANG_ANALYZER_NONNULL = YES;
				CLANG_CXX_LANGUAGE_STANDARD = "gnu++0x";
				CLANG_CXX_LIBRARY = "libc++";
				CLANG_ENABLE_MODULES = YES;
				CLANG_ENABLE_OBJC_ARC = YES;
				CLANG_WARN_BOOL_CONVERSION = YES;
				CLANG_WARN_CONSTANT_CONVERSION = YES;
				CLANG_WARN_DIRECT_OBJC_ISA_USAGE = YES_ERROR;
				CLANG_WARN_EMPTY_BODY = YES;
				CLANG_WARN_ENUM_CONVERSION = YES;
				CLANG_WARN_INT_CONVERSION = YES;
				CLANG_WARN_OBJC_ROOT_CLASS = YES_ERROR;
				CLANG_WARN_UNREACHABLE_CODE = YES;
				CLANG_WARN__DUPLICATE_METHOD_MATCH = YES;
				"CODE_SIGN_IDENTITY[sdk=iphoneos*]" = "iPhone Developer";
				COPY_PHASE_STRIP = NO;
				DEBUG_INFORMATION_FORMAT = dwarf;
				ENABLE_STRICT_OBJC_MSGSEND = YES;
				ENABLE_TESTABILITY = YES;
				GCC_C_LANGUAGE_STANDARD = gnu99;
				GCC_DYNAMIC_NO_PIC = NO;
				GCC_NO_COMMON_BLOCKS = YES;
				GCC_OPTIMIZATION_LEVEL = 0;
				GCC_PREPROCESSOR_DEFINITIONS = (
					"DEBUG=1",
					"$(inherited)",
				);
				GCC_WARN_64_TO_32_BIT_CONVERSION = YES;
				GCC_WARN_ABOUT_RETURN_TYPE = YES_ERROR;
				GCC_WARN_UNDECLARED_SELECTOR = YES;
				GCC_WARN_UNINITIALIZED_AUTOS = YES_AGGRESSIVE;
				GCC_WARN_UNUSED_FUNCTION = YES;
				GCC_WARN_UNUSED_VARIABLE = YES;
				IPHONEOS_DEPLOYMENT_TARGET = 9.3;
				MTL_ENABLE_DEBUG_INFO = YES;
				ONLY_ACTIVE_ARCH = YES;
				SDKROOT = iphoneos;
				SWIFT_OPTIMIZATION_LEVEL = "-Onone";
				TARGETED_DEVICE_FAMILY = "1,2";
			};
			name = Debug;
		};
		EF22DA6E1D1CF4DA00E8E731 /* Release */ = {
			isa = XCBuildConfiguration;
			buildSettings = {
				ALWAYS_SEARCH_USER_PATHS = NO;
				CLANG_ANALYZER_NONNULL = YES;
				CLANG_CXX_LANGUAGE_STANDARD = "gnu++0x";
				CLANG_CXX_LIBRARY = "libc++";
				CLANG_ENABLE_MODULES = YES;
				CLANG_ENABLE_OBJC_ARC = YES;
				CLANG_WARN_BOOL_CONVERSION = YES;
				CLANG_WARN_CONSTANT_CONVERSION = YES;
				CLANG_WARN_DIRECT_OBJC_ISA_USAGE = YES_ERROR;
				CLANG_WARN_EMPTY_BODY = YES;
				CLANG_WARN_ENUM_CONVERSION = YES;
				CLANG_WARN_INT_CONVERSION = YES;
				CLANG_WARN_OBJC_ROOT_CLASS = YES_ERROR;
				CLANG_WARN_UNREACHABLE_CODE = YES;
				CLANG_WARN__DUPLICATE_METHOD_MATCH = YES;
				"CODE_SIGN_IDENTITY[sdk=iphoneos*]" = "iPhone Developer";
				COPY_PHASE_STRIP = NO;
				DEBUG_INFORMATION_FORMAT = "dwarf-with-dsym";
				ENABLE_NS_ASSERTIONS = NO;
				ENABLE_STRICT_OBJC_MSGSEND = YES;
				GCC_C_LANGUAGE_STANDARD = gnu99;
				GCC_NO_COMMON_BLOCKS = YES;
				GCC_WARN_64_TO_32_BIT_CONVERSION = YES;
				GCC_WARN_ABOUT_RETURN_TYPE = YES_ERROR;
				GCC_WARN_UNDECLARED_SELECTOR = YES;
				GCC_WARN_UNINITIALIZED_AUTOS = YES_AGGRESSIVE;
				GCC_WARN_UNUSED_FUNCTION = YES;
				GCC_WARN_UNUSED_VARIABLE = YES;
				IPHONEOS_DEPLOYMENT_TARGET = 9.3;
				MTL_ENABLE_DEBUG_INFO = NO;
				SDKROOT = iphoneos;
				TARGETED_DEVICE_FAMILY = "1,2";
				VALIDATE_PRODUCT = YES;
			};
			name = Release;
		};
		EF22DA701D1CF4DA00E8E731 /* Debug */ = {
			isa = XCBuildConfiguration;
			buildSettings = {
				ASSETCATALOG_COMPILER_APPICON_NAME = AppIcon;
				FRAMEWORK_SEARCH_PATHS = (
					"$(inherited)",
					"$(PROJECT_DIR)/Carthage/Build/iOS",
				);
				INFOPLIST_FILE = AlamoFireTesting/Info.plist;
				LD_RUNPATH_SEARCH_PATHS = "$(inherited) @executable_path/Frameworks";
				PRODUCT_BUNDLE_IDENTIFIER = com.aamsco.AlamoFireTesting;
				PRODUCT_NAME = "$(TARGET_NAME)";
			};
			name = Debug;
		};
		EF22DA711D1CF4DA00E8E731 /* Release */ = {
			isa = XCBuildConfiguration;
			buildSettings = {
				ASSETCATALOG_COMPILER_APPICON_NAME = AppIcon;
				FRAMEWORK_SEARCH_PATHS = (
					"$(inherited)",
					"$(PROJECT_DIR)/Carthage/Build/iOS",
				);
				INFOPLIST_FILE = AlamoFireTesting/Info.plist;
				LD_RUNPATH_SEARCH_PATHS = "$(inherited) @executable_path/Frameworks";
				PRODUCT_BUNDLE_IDENTIFIER = com.aamsco.AlamoFireTesting;
				PRODUCT_NAME = "$(TARGET_NAME)";
			};
			name = Release;
		};
/* End XCBuildConfiguration section */

/* Begin XCConfigurationList section */
		EF22DA581D1CF4DA00E8E731 /* Build configuration list for PBXProject "AlamoFireTesting" */ = {
			isa = XCConfigurationList;
			buildConfigurations = (
				EF22DA6D1D1CF4DA00E8E731 /* Debug */,
				EF22DA6E1D1CF4DA00E8E731 /* Release */,
			);
			defaultConfigurationIsVisible = 0;
			defaultConfigurationName = Release;
		};
		EF22DA6F1D1CF4DA00E8E731 /* Build configuration list for PBXNativeTarget "AlamoFireTesting" */ = {
			isa = XCConfigurationList;
			buildConfigurations = (
				EF22DA701D1CF4DA00E8E731 /* Debug */,
				EF22DA711D1CF4DA00E8E731 /* Release */,
			);
			defaultConfigurationIsVisible = 0;
			defaultConfigurationName = Release;
		};
/* End XCConfigurationList section */
	};
	rootObject = EF22DA551D1CF4DA00E8E731 /* Project object */;
}
